{
  "name": "pebble-pge",
  "version": "1.6.2",
  "lockfileVersion": 1,
  "requires": true,
  "dependencies": {
    "universal-fb": {
      "version": "1.6.0",
      "resolved": "https://registry.npmjs.org/universal-fb/-/universal-fb-1.6.0.tgz",
      "integrity": "sha512-ROp4lDoCy4csZ2MIYuEQcjaTkKEGgad0V66juAt5/JzZW2Wlwb8mI6NAHxNtwuPNgi+xotz8xSqD00kr5A888A=="
    }
  }
}
